
Microsoft Visual Studio Solution File, Format Version 12.00
# Visual Studio Version 17
VisualStudioVersion = 17.10.34916.146
MinimumVisualStudioVersion = 10.0.40219.1
Project("{9A19103F-16F7-4668-BE54-9A1E7A4F7556}") = "BulkyWeb", "BulkyWeb\BulkyWeb.csproj", "{C681B40C-C889-4D09-BCCB-BE636109F368}"
EndProject
Project("{9A19103F-16F7-4668-BE54-9A1E7A4F7556}") = "Bulky.DataAccess", "Bulky.DataAccess\Bulky.DataAccess.csproj", "{FFD450F5-0AF2-41A4-963E-F77C3D25083F}"
EndProject
Project("{9A19103F-16F7-4668-BE54-9A1E7A4F7556}") = "Bulky.Models", "Bulky.Models\Bulky.Models.csproj", "{7CD98935-BC5E-408C-963E-3A5A8F56E548}"
EndProject
Project("{9A19103F-16F7-4668-BE54-9A1E7A4F7556}") = "Bulky.Utility", "Bulky.Utility\Bulky.Utility.csproj", "{990CE863-8606-48AF-ADB6-B2487C24F286}"
EndProject
Global
	GlobalSection(SolutionConfigurationPlatforms) = preSolution
		Debug|Any CPU = Debug|Any CPU
		Release|Any CPU = Release|Any CPU
	EndGlobalSection
	GlobalSection(ProjectConfigurationPlatforms) = postSolution
		{C681B40C-C889-4D09-BCCB-BE636109F368}.Debug|Any CPU.ActiveCfg = Debug|Any CPU
		{C681B40C-C889-4D09-BCCB-BE636109F368}.Debug|Any CPU.Build.0 = Debug|Any CPU
		{C681B40C-C889-4D09-BCCB-BE636109F368}.Release|Any CPU.ActiveCfg = Release|Any CPU
		{C681B40C-C889-4D09-BCCB-BE636109F368}.Release|Any CPU.Build.0 = Release|Any CPU
		{FFD450F5-0AF2-41A4-963E-F77C3D25083F}.Debug|Any CPU.ActiveCfg = Debug|Any CPU
		{FFD450F5-0AF2-41A4-963E-F77C3D25083F}.Debug|Any CPU.Build.0 = Debug|Any CPU
		{FFD450F5-0AF2-41A4-963E-F77C3D25083F}.Release|Any CPU.ActiveCfg = Release|Any CPU
		{FFD450F5-0AF2-41A4-963E-F77C3D25083F}.Release|Any CPU.Build.0 = Release|Any CPU
		{7CD98935-BC5E-408C-963E-3A5A8F56E548}.Debug|Any CPU.ActiveCfg = Debug|Any CPU
		{7CD98935-BC5E-408C-963E-3A5A8F56E548}.Debug|Any CPU.Build.0 = Debug|Any CPU
		{7CD98935-BC5E-408C-963E-3A5A8F56E548}.Release|Any CPU.ActiveCfg = Release|Any CPU
		{7CD98935-BC5E-408C-963E-3A5A8F56E548}.Release|Any CPU.Build.0 = Release|Any CPU
		{990CE863-8606-48AF-ADB6-B2487C24F286}.Debug|Any CPU.ActiveCfg = Debug|Any CPU
		{990CE863-8606-48AF-ADB6-B2487C24F286}.Debug|Any CPU.Build.0 = Debug|Any CPU
		{990CE863-8606-48AF-ADB6-B2487C24F286}.Release|Any CPU.ActiveCfg = Release|Any CPU
		{990CE863-8606-48AF-ADB6-B2487C24F286}.Release|Any CPU.Build.0 = Release|Any CPU
	EndGlobalSection
	GlobalSection(SolutionProperties) = preSolution
		HideSolutionNode = FALSE
	EndGlobalSection
	GlobalSection(ExtensibilityGlobals) = postSolution
		SolutionGuid = {7EF2DB27-F66E-4890-92A8-25CF3E0A07E5}
	EndGlobalSection
EndGlobal
